{
  "version": 4,
  "terraform_version": "1.6.3",
  "serial": 3,
  "lineage": "e223ba7a-2d21-346e-d1b1-ed3ccac50f9f",
  "outputs": {},
  "resources": [
    {
      "mode": "managed",
      "type": "aws_iam_user",
      "name": "lb",
      "provider": "provider[\"registry.terraform.io/hashicorp/aws\"]",
      "instances": [
        {
          "index_key": 0,
          "schema_version": 0,
          "attributes": {
            "arn": "arn:aws:iam::463431928171:user/system/dev-lb",
            "force_destroy": false,
            "id": "dev-lb",
            "name": "dev-lb",
            "path": "/system/",
            "permissions_boundary": "",
            "tags": null,
            "tags_all": {},
            "unique_id": "AIDAWXZVSBFV2EJ7ZY4BL"
          },
          "sensitive_attributes": [],
          "private": "bnVsbA=="
        },
        {
          "index_key": 1,
          "schema_version": 0,
          "attributes": {
            "arn": "arn:aws:iam::463431928171:user/system/uat-lb",
            "force_destroy": false,
            "id": "uat-lb",
            "name": "uat-lb",
            "path": "/system/",
            "permissions_boundary": "",
            "tags": null,
            "tags_all": {},
            "unique_id": "AIDAWXZVSBFV3IARASP6A"
          },
          "sensitive_attributes": [],
          "private": "bnVsbA=="
        },
        {
          "index_key": 2,
          "schema_version": 0,
          "attributes": {
            "arn": "arn:aws:iam::463431928171:user/system/prod-lb",
            "force_destroy": false,
            "id": "prod-lb",
            "name": "prod-lb",
            "path": "/system/",
            "permissions_boundary": "",
            "tags": null,
            "tags_all": {},
            "unique_id": "AIDAWXZVSBFVR5YLF3PXY"
          },
          "sensitive_attributes": [],
          "private": "bnVsbA=="
        }
      ]
    }
  ],
  "check_results": null
}
