{
  "version": 4,
  "terraform_version": "1.6.0",
  "serial": 3,
  "lineage": "6b420aa8-385e-df4f-0860-ce6678dfb77b",
  "outputs": {},
  "resources": [
    {
      "mode": "managed",
      "type": "aws_iam_user",
      "name": "test_terraform",
      "provider": "provider[\"registry.terraform.io/hashicorp/aws\"]",
      "instances": [
        {
          "schema_version": 0,
          "attributes": {
            "arn": "arn:aws:iam::463431928171:user/test_terraform_iam",
            "force_destroy": false,
            "id": "test_terraform_iam",
            "name": "test_terraform_iam",
            "path": "/",
            "permissions_boundary": null,
            "tags": null,
            "tags_all": {},
            "unique_id": "AIDAWXZVSBFVVWVKF6ZV2"
          },
          "sensitive_attributes": [],
          "private": "bnVsbA=="
        }
      ]
    }
  ],
  "check_results": null
}
