{
  "version": 4,
  "terraform_version": "1.6.0",
  "serial": 13,
  "lineage": "e3050823-e9fa-1c2c-bd1e-0449146b60c6",
  "outputs": {
    "elastic-ip": {
      "value": {
        "address": null,
        "allocation_id": "eipalloc-00c013d64a87c676b",
        "associate_with_private_ip": null,
        "association_id": "",
        "carrier_ip": "",
        "customer_owned_ip": "",
        "customer_owned_ipv4_pool": "",
        "domain": "vpc",
        "id": "eipalloc-00c013d64a87c676b",
        "instance": "",
        "network_border_group": "ap-south-1",
        "network_interface": "",
        "private_dns": null,
        "private_ip": "",
        "public_dns": "ec2-13-235-35-239.ap-south-1.compute.amazonaws.com",
        "public_ip": "13.235.35.239",
        "public_ipv4_pool": "amazon",
        "tags": null,
        "tags_all": {},
        "timeouts": null,
        "vpc": true
      },
      "type": [
        "object",
        {
          "address": "string",
          "allocation_id": "string",
          "associate_with_private_ip": "string",
          "association_id": "string",
          "carrier_ip": "string",
          "customer_owned_ip": "string",
          "customer_owned_ipv4_pool": "string",
          "domain": "string",
          "id": "string",
          "instance": "string",
          "network_border_group": "string",
          "network_interface": "string",
          "private_dns": "string",
          "private_ip": "string",
          "public_dns": "string",
          "public_ip": "string",
          "public_ipv4_pool": "string",
          "tags": [
            "map",
            "string"
          ],
          "tags_all": [
            "map",
            "string"
          ],
          "timeouts": [
            "object",
            {
              "delete": "string",
              "read": "string",
              "update": "string"
            }
          ],
          "vpc": "bool"
        }
      ]
    }
  },
  "resources": [
    {
      "mode": "managed",
      "type": "aws_eip",
      "name": "lb",
      "provider": "provider[\"registry.terraform.io/hashicorp/aws\"]",
      "instances": [
        {
          "schema_version": 0,
          "attributes": {
            "address": null,
            "allocation_id": "eipalloc-00c013d64a87c676b",
            "associate_with_private_ip": null,
            "association_id": "",
            "carrier_ip": "",
            "customer_owned_ip": "",
            "customer_owned_ipv4_pool": "",
            "domain": "vpc",
            "id": "eipalloc-00c013d64a87c676b",
            "instance": "",
            "network_border_group": "ap-south-1",
            "network_interface": "",
            "private_dns": null,
            "private_ip": "",
            "public_dns": "ec2-13-235-35-239.ap-south-1.compute.amazonaws.com",
            "public_ip": "13.235.35.239",
            "public_ipv4_pool": "amazon",
            "tags": null,
            "tags_all": {},
            "timeouts": null,
            "vpc": true
          },
          "sensitive_attributes": [],
          "private": "eyJlMmJmYjczMC1lY2FhLTExZTYtOGY4OC0zNDM2M2JjN2M0YzAiOnsiZGVsZXRlIjoxODAwMDAwMDAwMDAsInJlYWQiOjkwMDAwMDAwMDAwMCwidXBkYXRlIjozMDAwMDAwMDAwMDB9fQ=="
        }
      ]
    }
  ],
  "check_results": null
}
