{
  "version": 4,
  "terraform_version": "1.6.0",
  "serial": 1,
  "lineage": "50819722-fcd6-e591-d40c-008c9ded0231",
  "outputs": {},
  "resources": [
    {
      "mode": "managed",
      "type": "github_repository",
      "name": "test-terraform-1",
      "provider": "provider[\"registry.terraform.io/integrations/github\"]",
      "instances": [
        {
          "schema_version": 1,
          "attributes": {
            "allow_auto_merge": false,
            "allow_merge_commit": false,
            "allow_rebase_merge": false,
            "allow_squash_merge": false,
            "allow_update_branch": false,
            "archive_on_destroy": null,
            "archived": false,
            "auto_init": null,
            "default_branch": "main",
            "delete_branch_on_merge": false,
            "description": "My awesome codebase",
            "etag": "W/\"095c09b09b5ed4e81fcb3cad71fd2291d730a9c2328ae91d4bf19a8342d47a38\"",
            "full_name": "kuldipmori/test-terraform",
            "git_clone_url": "git://github.com/kuldipmori/test-terraform.git",
            "gitignore_template": null,
            "has_discussions": false,
            "has_downloads": false,
            "has_issues": false,
            "has_projects": false,
            "has_wiki": false,
            "homepage_url": "",
            "html_url": "https://github.com/kuldipmori/test-terraform",
            "http_clone_url": "https://github.com/kuldipmori/test-terraform.git",
            "id": "test-terraform",
            "ignore_vulnerability_alerts_during_read": null,
            "is_template": false,
            "license_template": null,
            "merge_commit_message": "",
            "merge_commit_title": "",
            "name": "test-terraform",
            "node_id": "R_kgDOKd4rmg",
            "pages": [],
            "primary_language": "",
            "private": false,
            "repo_id": 702426010,
            "security_and_analysis": [
              {
                "advanced_security": [],
                "secret_scanning": [
                  {
                    "status": "disabled"
                  }
                ],
                "secret_scanning_push_protection": [
                  {
                    "status": "disabled"
                  }
                ]
              }
            ],
            "squash_merge_commit_message": "",
            "squash_merge_commit_title": "",
            "ssh_clone_url": "git@github.com:kuldipmori/test-terraform.git",
            "svn_url": "https://github.com/kuldipmori/test-terraform",
            "template": [],
            "topics": [],
            "visibility": "public",
            "vulnerability_alerts": false
          },
          "sensitive_attributes": [],
          "private": "eyJzY2hlbWFfdmVyc2lvbiI6IjEifQ=="
        }
      ]
    }
  ],
  "check_results": null
}
